
Microsoft Visual Studio Solution File, Format Version 12.00
# Visual Studio Version 17
VisualStudioVersion = 17.0.31903.59
MinimumVisualStudioVersion = 10.0.40219.1
Project("{FAE04EC0-301F-11D3-BF4B-00C04F79EFBC}") = "API", "API\API.csproj", "{B6183CD9-8E16-4855-942D-621EBAC2E782}"
EndProject
Project("{FAE04EC0-301F-11D3-BF4B-00C04F79EFBC}") = "Application", "Application\Application.csproj", "{768DD427-E5ED-4B72-83D9-E324C576B79D}"
EndProject
Project("{FAE04EC0-301F-11D3-BF4B-00C04F79EFBC}") = "Domain", "Domain\Domain.csproj", "{C15FC125-3E87-4CBB-8BC2-6B745B972179}"
EndProject
Project("{FAE04EC0-301F-11D3-BF4B-00C04F79EFBC}") = "Persistence", "Persistence\Persistence.csproj", "{22705ED4-322A-48EE-946A-7DECED56CA80}"
EndProject
Global
	GlobalSection(SolutionConfigurationPlatforms) = preSolution
		Debug|Any CPU = Debug|Any CPU
		Release|Any CPU = Release|Any CPU
	EndGlobalSection
	GlobalSection(SolutionProperties) = preSolution
		HideSolutionNode = FALSE
	EndGlobalSection
	GlobalSection(ProjectConfigurationPlatforms) = postSolution
		{B6183CD9-8E16-4855-942D-621EBAC2E782}.Debug|Any CPU.ActiveCfg = Debug|Any CPU
		{B6183CD9-8E16-4855-942D-621EBAC2E782}.Debug|Any CPU.Build.0 = Debug|Any CPU
		{B6183CD9-8E16-4855-942D-621EBAC2E782}.Release|Any CPU.ActiveCfg = Release|Any CPU
		{B6183CD9-8E16-4855-942D-621EBAC2E782}.Release|Any CPU.Build.0 = Release|Any CPU
		{768DD427-E5ED-4B72-83D9-E324C576B79D}.Debug|Any CPU.ActiveCfg = Debug|Any CPU
		{768DD427-E5ED-4B72-83D9-E324C576B79D}.Debug|Any CPU.Build.0 = Debug|Any CPU
		{768DD427-E5ED-4B72-83D9-E324C576B79D}.Release|Any CPU.ActiveCfg = Release|Any CPU
		{768DD427-E5ED-4B72-83D9-E324C576B79D}.Release|Any CPU.Build.0 = Release|Any CPU
		{C15FC125-3E87-4CBB-8BC2-6B745B972179}.Debug|Any CPU.ActiveCfg = Debug|Any CPU
		{C15FC125-3E87-4CBB-8BC2-6B745B972179}.Debug|Any CPU.Build.0 = Debug|Any CPU
		{C15FC125-3E87-4CBB-8BC2-6B745B972179}.Release|Any CPU.ActiveCfg = Release|Any CPU
		{C15FC125-3E87-4CBB-8BC2-6B745B972179}.Release|Any CPU.Build.0 = Release|Any CPU
		{22705ED4-322A-48EE-946A-7DECED56CA80}.Debug|Any CPU.ActiveCfg = Debug|Any CPU
		{22705ED4-322A-48EE-946A-7DECED56CA80}.Debug|Any CPU.Build.0 = Debug|Any CPU
		{22705ED4-322A-48EE-946A-7DECED56CA80}.Release|Any CPU.ActiveCfg = Release|Any CPU
		{22705ED4-322A-48EE-946A-7DECED56CA80}.Release|Any CPU.Build.0 = Release|Any CPU
	EndGlobalSection
EndGlobal
